
Microsoft Visual Studio Solution File, Format Version 12.00
# Visual Studio Version 17
VisualStudioVersion = 17.5.33530.505
MinimumVisualStudioVersion = 10.0.40219.1
Project("{9A19103F-16F7-4668-BE54-9A1E7A4F7556}") = "BearBackup", "BearBackup\BearBackup.csproj", "{027D32FF-E392-42F8-B481-10071483B843}"
EndProject
Project("{FAE04EC0-301F-11D3-BF4B-00C04F79EFBC}") = "BearBackupUI", "BearBackupUI\BearBackupUI.csproj", "{346A0C49-7392-47C3-AB1E-86AAA47E45D0}"
EndProject
Global
	GlobalSection(SolutionConfigurationPlatforms) = preSolution
		Debug|Any CPU = Debug|Any CPU
		Release|Any CPU = Release|Any CPU
	EndGlobalSection
	GlobalSection(ProjectConfigurationPlatforms) = postSolution
		{027D32FF-E392-42F8-B481-10071483B843}.Debug|Any CPU.ActiveCfg = Debug|Any CPU
		{027D32FF-E392-42F8-B481-10071483B843}.Debug|Any CPU.Build.0 = Debug|Any CPU
		{027D32FF-E392-42F8-B481-10071483B843}.Release|Any CPU.ActiveCfg = Release|Any CPU
		{027D32FF-E392-42F8-B481-10071483B843}.Release|Any CPU.Build.0 = Release|Any CPU
		{A9E873E7-FC8F-45D4-90F9-FF6EB96B8DB3}.Debug|Any CPU.ActiveCfg = Debug|Any CPU
		{A9E873E7-FC8F-45D4-90F9-FF6EB96B8DB3}.Debug|Any CPU.Build.0 = Debug|Any CPU
		{A9E873E7-FC8F-45D4-90F9-FF6EB96B8DB3}.Release|Any CPU.ActiveCfg = Release|Any CPU
		{A9E873E7-FC8F-45D4-90F9-FF6EB96B8DB3}.Release|Any CPU.Build.0 = Release|Any CPU
		{346A0C49-7392-47C3-AB1E-86AAA47E45D0}.Debug|Any CPU.ActiveCfg = Debug|Any CPU
		{346A0C49-7392-47C3-AB1E-86AAA47E45D0}.Debug|Any CPU.Build.0 = Debug|Any CPU
		{346A0C49-7392-47C3-AB1E-86AAA47E45D0}.Release|Any CPU.ActiveCfg = Release|Any CPU
		{346A0C49-7392-47C3-AB1E-86AAA47E45D0}.Release|Any CPU.Build.0 = Release|Any CPU
	EndGlobalSection
	GlobalSection(SolutionProperties) = preSolution
		HideSolutionNode = FALSE
	EndGlobalSection
	GlobalSection(ExtensibilityGlobals) = postSolution
		SolutionGuid = {BE31E628-0FEB-41DD-B275-FCAFB2661747}
	EndGlobalSection
EndGlobal
